
Microsoft Visual Studio Solution File, Format Version 12.00
# Visual Studio Version 16
VisualStudioVersion = 16.0.32630.194
MinimumVisualStudioVersion = 10.0.40219.1
Project("{FAE04EC0-301F-11D3-BF4B-00C04F79EFBC}") = "CodeFirstDemo", "CodeFirstDemo\CodeFirstDemo.csproj", "{D68C11CB-84D1-4ACF-A8D2-71AD6A172BBB}"
EndProject
Project("{FAE04EC0-301F-11D3-BF4B-00C04F79EFBC}") = "CodeFirstExo1", "CodeFirstExo1\CodeFirstExo1.csproj", "{CF4E5674-5CB2-416A-BB39-7C47916BF500}"
EndProject
Project("{FAE04EC0-301F-11D3-BF4B-00C04F79EFBC}") = "ModelFirstDemo", "ModelFirstDemo\ModelFirstDemo.csproj", "{56C96827-AE1A-4ED8-A5DE-31F3DEE9F57A}"
EndProject
Project("{FAE04EC0-301F-11D3-BF4B-00C04F79EFBC}") = "ModelFirstExo1", "ModelFirstExo1\ModelFirstExo1.csproj", "{48C9DA2C-E9E9-4560-85AE-D66E91087D6C}"
EndProject
Project("{FAE04EC0-301F-11D3-BF4B-00C04F79EFBC}") = "DataBaseFirstDemo", "DataBaseFirstDemo\DataBaseFirstDemo.csproj", "{54B82B5E-05F1-4307-A4F3-D89AB983B334}"
EndProject
Project("{FAE04EC0-301F-11D3-BF4B-00C04F79EFBC}") = "DataBaseFirstExo1", "DataBaseFirstExo1\DataBaseFirstExo1.csproj", "{3CA2D5CB-C4A7-4098-8612-D3454047631D}"
EndProject
Project("{FAE04EC0-301F-11D3-BF4B-00C04F79EFBC}") = "DataAnnotation", "DataAnnotation\DataAnnotation.csproj", "{77C60E7F-77FE-4EF6-89AE-23FE4FCBDE1F}"
EndProject
Project("{FAE04EC0-301F-11D3-BF4B-00C04F79EFBC}") = "FluentAPI", "FluentAPI\FluentAPI.csproj", "{8A1EF56D-D03C-4D81-8363-55821117D309}"
EndProject
Global
	GlobalSection(SolutionConfigurationPlatforms) = preSolution
		Debug|Any CPU = Debug|Any CPU
		Release|Any CPU = Release|Any CPU
	EndGlobalSection
	GlobalSection(ProjectConfigurationPlatforms) = postSolution
		{D68C11CB-84D1-4ACF-A8D2-71AD6A172BBB}.Debug|Any CPU.ActiveCfg = Debug|Any CPU
		{D68C11CB-84D1-4ACF-A8D2-71AD6A172BBB}.Debug|Any CPU.Build.0 = Debug|Any CPU
		{D68C11CB-84D1-4ACF-A8D2-71AD6A172BBB}.Release|Any CPU.ActiveCfg = Release|Any CPU
		{D68C11CB-84D1-4ACF-A8D2-71AD6A172BBB}.Release|Any CPU.Build.0 = Release|Any CPU
		{CF4E5674-5CB2-416A-BB39-7C47916BF500}.Debug|Any CPU.ActiveCfg = Debug|Any CPU
		{CF4E5674-5CB2-416A-BB39-7C47916BF500}.Debug|Any CPU.Build.0 = Debug|Any CPU
		{CF4E5674-5CB2-416A-BB39-7C47916BF500}.Release|Any CPU.ActiveCfg = Release|Any CPU
		{CF4E5674-5CB2-416A-BB39-7C47916BF500}.Release|Any CPU.Build.0 = Release|Any CPU
		{56C96827-AE1A-4ED8-A5DE-31F3DEE9F57A}.Debug|Any CPU.ActiveCfg = Debug|Any CPU
		{56C96827-AE1A-4ED8-A5DE-31F3DEE9F57A}.Debug|Any CPU.Build.0 = Debug|Any CPU
		{56C96827-AE1A-4ED8-A5DE-31F3DEE9F57A}.Release|Any CPU.ActiveCfg = Release|Any CPU
		{56C96827-AE1A-4ED8-A5DE-31F3DEE9F57A}.Release|Any CPU.Build.0 = Release|Any CPU
		{48C9DA2C-E9E9-4560-85AE-D66E91087D6C}.Debug|Any CPU.ActiveCfg = Debug|Any CPU
		{48C9DA2C-E9E9-4560-85AE-D66E91087D6C}.Debug|Any CPU.Build.0 = Debug|Any CPU
		{48C9DA2C-E9E9-4560-85AE-D66E91087D6C}.Release|Any CPU.ActiveCfg = Release|Any CPU
		{48C9DA2C-E9E9-4560-85AE-D66E91087D6C}.Release|Any CPU.Build.0 = Release|Any CPU
		{54B82B5E-05F1-4307-A4F3-D89AB983B334}.Debug|Any CPU.ActiveCfg = Debug|Any CPU
		{54B82B5E-05F1-4307-A4F3-D89AB983B334}.Debug|Any CPU.Build.0 = Debug|Any CPU
		{54B82B5E-05F1-4307-A4F3-D89AB983B334}.Release|Any CPU.ActiveCfg = Release|Any CPU
		{54B82B5E-05F1-4307-A4F3-D89AB983B334}.Release|Any CPU.Build.0 = Release|Any CPU
		{3CA2D5CB-C4A7-4098-8612-D3454047631D}.Debug|Any CPU.ActiveCfg = Debug|Any CPU
		{3CA2D5CB-C4A7-4098-8612-D3454047631D}.Debug|Any CPU.Build.0 = Debug|Any CPU
		{3CA2D5CB-C4A7-4098-8612-D3454047631D}.Release|Any CPU.ActiveCfg = Release|Any CPU
		{3CA2D5CB-C4A7-4098-8612-D3454047631D}.Release|Any CPU.Build.0 = Release|Any CPU
		{77C60E7F-77FE-4EF6-89AE-23FE4FCBDE1F}.Debug|Any CPU.ActiveCfg = Debug|Any CPU
		{77C60E7F-77FE-4EF6-89AE-23FE4FCBDE1F}.Debug|Any CPU.Build.0 = Debug|Any CPU
		{77C60E7F-77FE-4EF6-89AE-23FE4FCBDE1F}.Release|Any CPU.ActiveCfg = Release|Any CPU
		{77C60E7F-77FE-4EF6-89AE-23FE4FCBDE1F}.Release|Any CPU.Build.0 = Release|Any CPU
		{8A1EF56D-D03C-4D81-8363-55821117D309}.Debug|Any CPU.ActiveCfg = Debug|Any CPU
		{8A1EF56D-D03C-4D81-8363-55821117D309}.Debug|Any CPU.Build.0 = Debug|Any CPU
		{8A1EF56D-D03C-4D81-8363-55821117D309}.Release|Any CPU.ActiveCfg = Release|Any CPU
		{8A1EF56D-D03C-4D81-8363-55821117D309}.Release|Any CPU.Build.0 = Release|Any CPU
	EndGlobalSection
	GlobalSection(SolutionProperties) = preSolution
		HideSolutionNode = FALSE
	EndGlobalSection
	GlobalSection(ExtensibilityGlobals) = postSolution
		SolutionGuid = {0841ABE6-DCDA-43B8-8824-32A2FD309943}
	EndGlobalSection
EndGlobal
